{
  "name": "@syntax-syllogism/aloop",
  "version": "0.5.3",
  "lockfileVersion": 3,
  "requires": true,
  "packages": {
    "": {
      "name": "@syntax-syllogism/aloop",
      "version": "0.5.3",
      "license": "MIT",
      "bin": {
        "aloop": "bin/loop.mjs"
      },
      "engines": {
        "node": ">=22"
      }
    }
  }
}
